<?xml version="1.0" encoding="utf-8"?>
<Project ToolsVersion="4.0" xmlns="http://schemas.microsoft.com/developer/msbuild/2003">
  <ItemGroup>
    <Filter Include="Source Files">
      <UniqueIdentifier>{4FC737F1-C7A5-4376-A066-2A32D752A2FF}</UniqueIdentifier>
      <Extensions>cpp;c;cc;cxx;c++;cppm;ixx;def;odl;idl;hpj;bat;asm;asmx</Extensions>
    </Filter>
    <Filter Include="Header Files">
      <UniqueIdentifier>{93995380-89BD-4b04-88EB-625FBE52EBFB}</UniqueIdentifier>
      <Extensions>h;hh;hpp;hxx;h++;hm;inl;inc;ipp;xsd</Extensions>
    </Filter>
    <Filter Include="Resource Files">
      <UniqueIdentifier>{67DA6AB6-F800-4c08-8B7A-83BB121AAD01}</UniqueIdentifier>
      <Extensions>rc;ico;cur;bmp;dlg;rc2;rct;bin;rgs;gif;jpg;jpeg;jpe;resx;tiff;tif;png;wav;mfcribbon-ms</Extensions>
    </Filter>
  </ItemGroup>
  <ItemGroup>
    <ClInclude Include="src\ModernGX.h">
      <Filter>Header Files</Filter>
    </ClInclude>
    <ClInclude Include="src\ModernGX\Util\ComPointer.h">
      <Filter>Header Files</Filter>
    </ClInclude>
    <ClInclude Include="src\ModernGX\Util\EasyHWND.h">
      <Filter>Header Files</Filter>
    </ClInclude>
    <ClInclude Include="src\ModernGX\Foundation\COMGetable.h">
      <Filter>Header Files</Filter>
    </ClInclude>
    <ClInclude Include="src\ModernGX\Core\GPU\GPUDevice.h">
      <Filter>Header Files</Filter>
    </ClInclude>
    <ClInclude Include="src\ModernGX\Foundation\HRException.h">
      <Filter>Header Files</Filter>
    </ClInclude>
    <ClInclude Include="src\ModernGX\Core\GPU\GPUQueue.h">
      <Filter>Header Files</Filter>
    </ClInclude>
    <ClInclude Include="src\ModernGX\Core\GFXWindow.h">
      <Filter>Header Files</Filter>
    </ClInclude>
    <ClInclude Include="src\ModernGX\Core\GPU\GPUCommandList.h">
      <Filter>Header Files</Filter>
    </ClInclude>
    <ClInclude Include="src\ModernGX\Core\GPU\GPUHeap.h">
      <Filter>Header Files</Filter>
    </ClInclude>
    <ClInclude Include="src\ModernGX\Core\Allocator\FastPoolAllocator.h">
      <Filter>Header Files</Filter>
    </ClInclude>
    <ClInclude Include="src\ModernGX\Core\Allocator\IAllocator.h">
      <Filter>Header Files</Filter>
    </ClInclude>
    <ClInclude Include="src\ModernGX\Core\Allocator\FastPoolAccelerator.h">
      <Filter>Header Files</Filter>
    </ClInclude>
    <ClInclude Include="src\ModernGX\Core\Allocator\ListMemoryAccelerator.h">
      <Filter>Header Files</Filter>
    </ClInclude>
    <ClInclude Include="src\ModernGX\Core\Concurrent\ILock.h">
      <Filter>Header Files</Filter>
    </ClInclude>
    <ClInclude Include="src\ModernGX\Core\Concurrent\SpinLock.h">
      <Filter>Header Files</Filter>
    </ClInclude>
    <ClInclude Include="src\ModernGX\Core\Concurrent\LockGuard.h">
      <Filter>Header Files</Filter>
    </ClInclude>
    <ClInclude Include="src\ModernGX\Core\Concurrent\GuardedObject.h">
      <Filter>Header Files</Filter>
    </ClInclude>
    <ClInclude Include="src\ModernGX\Core\Allocator\StackMemoryAccelerator.h">
      <Filter>Header Files</Filter>
    </ClInclude>
    <ClInclude Include="src\ModernGX\Core\Allocator\StackMemoryAllocator.h">
      <Filter>Header Files</Filter>
    </ClInclude>
    <ClInclude Include="src\ModernGX\Util\Memory.h">
      <Filter>Header Files</Filter>
    </ClInclude>
    <ClInclude Include="src\ModernGX\Core\Allocator\MemoryAllocator.h">
      <Filter>Header Files</Filter>
    </ClInclude>
    <ClInclude Include="src\ModernGX\Core\GPU\GPUHeapAllocationCookie.h">
      <Filter>Header Files</Filter>
    </ClInclude>
    <ClInclude Include="vendor\tinyxml2\tinyxml2.h">
      <Filter>Header Files</Filter>
    </ClInclude>
    <ClInclude Include="src\ModernGX\Core\GPU\GPUDescriptorHeap.h">
      <Filter>Header Files</Filter>
    </ClInclude>
  </ItemGroup>
  <ItemGroup>
    <ClCompile Include="src\ModernGX.cpp">
      <Filter>Source Files</Filter>
    </ClCompile>
    <ClCompile Include="src\ModernGX\Core\GPU\GPUDevice.cpp">
      <Filter>Source Files</Filter>
    </ClCompile>
    <ClCompile Include="src\ModernGX\Foundation\HRException.cpp">
      <Filter>Source Files</Filter>
    </ClCompile>
    <ClCompile Include="src\ModernGX\Core\GPU\GPUQueue.cpp">
      <Filter>Source Files</Filter>
    </ClCompile>
    <ClCompile Include="src\ModernGX\Core\GFXWindow.cpp">
      <Filter>Source Files</Filter>
    </ClCompile>
    <ClCompile Include="src\ModernGX\Core\GPU\GPUCommandList.cpp">
      <Filter>Source Files</Filter>
    </ClCompile>
    <ClCompile Include="src\ModernGX\Core\GPU\GPUHeap.cpp">
      <Filter>Source Files</Filter>
    </ClCompile>
    <ClCompile Include="src\ModernGX\Core\Allocator\IAllocator.cpp">
      <Filter>Source Files</Filter>
    </ClCompile>
    <ClCompile Include="src\ModernGX\Core\Allocator\FastPoolAllocator.cpp">
      <Filter>Source Files</Filter>
    </ClCompile>
    <ClCompile Include="src\ModernGX\Core\Allocator\FastPoolAccelerator.cpp">
      <Filter>Source Files</Filter>
    </ClCompile>
    <ClCompile Include="src\ModernGX\Core\Concurrent\SpinLock.cpp">
      <Filter>Source Files</Filter>
    </ClCompile>
    <ClCompile Include="src\ModernGX\Core\Concurrent\LockGuard.cpp">
      <Filter>Source Files</Filter>
    </ClCompile>
    <ClCompile Include="src\ModernGX\Core\Allocator\ListMemoryAccelerator.cpp">
      <Filter>Source Files</Filter>
    </ClCompile>
    <ClCompile Include="src\ModernGX\Core\Allocator\StackMemoryAccelerator.cpp">
      <Filter>Source Files</Filter>
    </ClCompile>
    <ClCompile Include="src\ModernGX\Core\Allocator\StackMemoryAllocator.cpp">
      <Filter>Source Files</Filter>
    </ClCompile>
    <ClCompile Include="src\ModernGX\Core\Allocator\MemoryAllocator.cpp">
      <Filter>Source Files</Filter>
    </ClCompile>
    <ClCompile Include="vendor\tinyxml2\tinyxml2.cpp">
      <Filter>Source Files</Filter>
    </ClCompile>
    <ClCompile Include="src\ModernGX\Core\GPU\GPUDescriptorHeap.cpp">
      <Filter>Source Files</Filter>
    </ClCompile>
  </ItemGroup>
</Project>